
Microsoft Visual Studio Solution File, Format Version 12.00
# Visual Studio Version 17
VisualStudioVersion = 17.14.37710.0 d17.14
MinimumVisualStudioVersion = 10.0.40219.1
Project("{FAE04EC0-301F-11D3-BF4B-00C04F79EFBC}") = "CSharp_FileAnalyzer", "CSharp_FileAnalyzer\CSharp_FileAnalyzer.csproj", "{43555684-9985-4165-AE23-9E9C0EB1AFD5}"
EndProject
Global
	GlobalSection(SolutionConfigurationPlatforms) = preSolution
		Debug|Any CPU = Debug|Any CPU
		Release|Any CPU = Release|Any CPU
	EndGlobalSection
	GlobalSection(ProjectConfigurationPlatforms) = postSolution
		{43555684-9985-4165-AE23-9E9C0EB1AFD5}.Debug|Any CPU.ActiveCfg = Debug|Any CPU
		{43555684-9985-4165-AE23-9E9C0EB1AFD5}.Debug|Any CPU.Build.0 = Debug|Any CPU
		{43555684-9985-4165-AE23-9E9C0EB1AFD5}.Release|Any CPU.ActiveCfg = Release|Any CPU
		{43555684-9985-4165-AE23-9E9C0EB1AFD5}.Release|Any CPU.Build.0 = Release|Any CPU
	EndGlobalSection
	GlobalSection(SolutionProperties) = preSolution
		HideSolutionNode = FALSE
	EndGlobalSection
	GlobalSection(ExtensibilityGlobals) = postSolution
		SolutionGuid = {DBA43B2B-9B60-435D-99B3-D573846EB812}
	EndGlobalSection
EndGlobal
